
Microsoft Visual Studio Solution File, Format Version 12.00
# Visual Studio Version 17
VisualStudioVersion = 17.0.31903.59
MinimumVisualStudioVersion = 10.0.40219.1
Project("{FAE04EC0-301F-11D3-BF4B-00C04F79EFBC}") = "ApiGateway", "ApiGateway\ApiGateway.csproj", "{F29D91F7-B945-41CA-8DD7-5BD2FE5AC71D}"
EndProject
Project("{FAE04EC0-301F-11D3-BF4B-00C04F79EFBC}") = "UserService", "UserService\UserService.csproj", "{4AD6A795-1E15-41B3-ACAB-B89556A951A6}"
EndProject
Project("{FAE04EC0-301F-11D3-BF4B-00C04F79EFBC}") = "ProductService", "ProductService\ProductService.csproj", "{5E922DC3-3DFA-4367-9840-9E1406B74696}"
EndProject
Global
	GlobalSection(SolutionConfigurationPlatforms) = preSolution
		Debug|Any CPU = Debug|Any CPU
		Debug|x64 = Debug|x64
		Debug|x86 = Debug|x86
		Release|Any CPU = Release|Any CPU
		Release|x64 = Release|x64
		Release|x86 = Release|x86
	EndGlobalSection
	GlobalSection(ProjectConfigurationPlatforms) = postSolution
		{F29D91F7-B945-41CA-8DD7-5BD2FE5AC71D}.Debug|Any CPU.ActiveCfg = Debug|Any CPU
		{F29D91F7-B945-41CA-8DD7-5BD2FE5AC71D}.Debug|Any CPU.Build.0 = Debug|Any CPU
		{F29D91F7-B945-41CA-8DD7-5BD2FE5AC71D}.Debug|x64.ActiveCfg = Debug|Any CPU
		{F29D91F7-B945-41CA-8DD7-5BD2FE5AC71D}.Debug|x64.Build.0 = Debug|Any CPU
		{F29D91F7-B945-41CA-8DD7-5BD2FE5AC71D}.Debug|x86.ActiveCfg = Debug|Any CPU
		{F29D91F7-B945-41CA-8DD7-5BD2FE5AC71D}.Debug|x86.Build.0 = Debug|Any CPU
		{F29D91F7-B945-41CA-8DD7-5BD2FE5AC71D}.Release|Any CPU.ActiveCfg = Release|Any CPU
		{F29D91F7-B945-41CA-8DD7-5BD2FE5AC71D}.Release|Any CPU.Build.0 = Release|Any CPU
		{F29D91F7-B945-41CA-8DD7-5BD2FE5AC71D}.Release|x64.ActiveCfg = Release|Any CPU
		{F29D91F7-B945-41CA-8DD7-5BD2FE5AC71D}.Release|x64.Build.0 = Release|Any CPU
		{F29D91F7-B945-41CA-8DD7-5BD2FE5AC71D}.Release|x86.ActiveCfg = Release|Any CPU
		{F29D91F7-B945-41CA-8DD7-5BD2FE5AC71D}.Release|x86.Build.0 = Release|Any CPU
		{4AD6A795-1E15-41B3-ACAB-B89556A951A6}.Debug|Any CPU.ActiveCfg = Debug|Any CPU
		{4AD6A795-1E15-41B3-ACAB-B89556A951A6}.Debug|Any CPU.Build.0 = Debug|Any CPU
		{4AD6A795-1E15-41B3-ACAB-B89556A951A6}.Debug|x64.ActiveCfg = Debug|Any CPU
		{4AD6A795-1E15-41B3-ACAB-B89556A951A6}.Debug|x64.Build.0 = Debug|Any CPU
		{4AD6A795-1E15-41B3-ACAB-B89556A951A6}.Debug|x86.ActiveCfg = Debug|Any CPU
		{4AD6A795-1E15-41B3-ACAB-B89556A951A6}.Debug|x86.Build.0 = Debug|Any CPU
		{4AD6A795-1E15-41B3-ACAB-B89556A951A6}.Release|Any CPU.ActiveCfg = Release|Any CPU
		{4AD6A795-1E15-41B3-ACAB-B89556A951A6}.Release|Any CPU.Build.0 = Release|Any CPU
		{4AD6A795-1E15-41B3-ACAB-B89556A951A6}.Release|x64.ActiveCfg = Release|Any CPU
		{4AD6A795-1E15-41B3-ACAB-B89556A951A6}.Release|x64.Build.0 = Release|Any CPU
		{4AD6A795-1E15-41B3-ACAB-B89556A951A6}.Release|x86.ActiveCfg = Release|Any CPU
		{4AD6A795-1E15-41B3-ACAB-B89556A951A6}.Release|x86.Build.0 = Release|Any CPU
		{5E922DC3-3DFA-4367-9840-9E1406B74696}.Debug|Any CPU.ActiveCfg = Debug|Any CPU
		{5E922DC3-3DFA-4367-9840-9E1406B74696}.Debug|Any CPU.Build.0 = Debug|Any CPU
		{5E922DC3-3DFA-4367-9840-9E1406B74696}.Debug|x64.ActiveCfg = Debug|Any CPU
		{5E922DC3-3DFA-4367-9840-9E1406B74696}.Debug|x64.Build.0 = Debug|Any CPU
		{5E922DC3-3DFA-4367-9840-9E1406B74696}.Debug|x86.ActiveCfg = Debug|Any CPU
		{5E922DC3-3DFA-4367-9840-9E1406B74696}.Debug|x86.Build.0 = Debug|Any CPU
		{5E922DC3-3DFA-4367-9840-9E1406B74696}.Release|Any CPU.ActiveCfg = Release|Any CPU
		{5E922DC3-3DFA-4367-9840-9E1406B74696}.Release|Any CPU.Build.0 = Release|Any CPU
		{5E922DC3-3DFA-4367-9840-9E1406B74696}.Release|x64.ActiveCfg = Release|Any CPU
		{5E922DC3-3DFA-4367-9840-9E1406B74696}.Release|x64.Build.0 = Release|Any CPU
		{5E922DC3-3DFA-4367-9840-9E1406B74696}.Release|x86.ActiveCfg = Release|Any CPU
		{5E922DC3-3DFA-4367-9840-9E1406B74696}.Release|x86.Build.0 = Release|Any CPU
	EndGlobalSection
	GlobalSection(SolutionProperties) = preSolution
		HideSolutionNode = FALSE
	EndGlobalSection
EndGlobal
